
Microsoft Visual Studio Solution File, Format Version 12.00
# Visual Studio 15
VisualStudioVersion = 15.0.27428.2015
MinimumVisualStudioVersion = 10.0.40219.1
Project("{9A19103F-16F7-4668-BE54-9A1E7A4F7556}") = "Assessment.Api", "Assessment.Api\Assessment.Api.csproj", "{AEF561A4-B708-43A1-8A59-AA269E1C440C}"
EndProject
Project("{9A19103F-16F7-4668-BE54-9A1E7A4F7556}") = "Assessment.Api.Tests", "Assessment.Api.Tests\Assessment.Api.Tests.csproj", "{3E82C4CD-416D-461E-88FC-CD17F7E7C548}"
EndProject
Project("{E24C65DC-7377-472B-9ABA-BC803B73C61A}") = "Assessment.Web", "Assessment.Web\", "{193F2A2B-045F-4E11-BA7F-A59298299B9B}"
	ProjectSection(WebsiteProperties) = preProject
		TargetFrameworkMoniker = ".NETFramework,Version%3Dv4.0"
		Debug.AspNetCompiler.VirtualPath = "/localhost_50266"
		Debug.AspNetCompiler.PhysicalPath = "Assessment.Web\"
		Debug.AspNetCompiler.TargetPath = "PrecompiledWeb\localhost_50266\"
		Debug.AspNetCompiler.Updateable = "true"
		Debug.AspNetCompiler.ForceOverwrite = "true"
		Debug.AspNetCompiler.FixedNames = "false"
		Debug.AspNetCompiler.Debug = "True"
		Release.AspNetCompiler.VirtualPath = "/localhost_50266"
		Release.AspNetCompiler.PhysicalPath = "Assessment.Web\"
		Release.AspNetCompiler.TargetPath = "PrecompiledWeb\localhost_50266\"
		Release.AspNetCompiler.Updateable = "true"
		Release.AspNetCompiler.ForceOverwrite = "true"
		Release.AspNetCompiler.FixedNames = "false"
		Release.AspNetCompiler.Debug = "False"
		VWDPort = "50266"
		SlnRelativePath = "Assessment.Web\"
	EndProjectSection
EndProject
Global
	GlobalSection(SolutionConfigurationPlatforms) = preSolution
		Debug|Any CPU = Debug|Any CPU
		Release|Any CPU = Release|Any CPU
	EndGlobalSection
	GlobalSection(ProjectConfigurationPlatforms) = postSolution
		{AEF561A4-B708-43A1-8A59-AA269E1C440C}.Debug|Any CPU.ActiveCfg = Debug|Any CPU
		{AEF561A4-B708-43A1-8A59-AA269E1C440C}.Debug|Any CPU.Build.0 = Debug|Any CPU
		{AEF561A4-B708-43A1-8A59-AA269E1C440C}.Release|Any CPU.ActiveCfg = Release|Any CPU
		{AEF561A4-B708-43A1-8A59-AA269E1C440C}.Release|Any CPU.Build.0 = Release|Any CPU
		{3E82C4CD-416D-461E-88FC-CD17F7E7C548}.Debug|Any CPU.ActiveCfg = Debug|Any CPU
		{3E82C4CD-416D-461E-88FC-CD17F7E7C548}.Debug|Any CPU.Build.0 = Debug|Any CPU
		{3E82C4CD-416D-461E-88FC-CD17F7E7C548}.Release|Any CPU.ActiveCfg = Release|Any CPU
		{3E82C4CD-416D-461E-88FC-CD17F7E7C548}.Release|Any CPU.Build.0 = Release|Any CPU
		{193F2A2B-045F-4E11-BA7F-A59298299B9B}.Debug|Any CPU.ActiveCfg = Debug|Any CPU
		{193F2A2B-045F-4E11-BA7F-A59298299B9B}.Debug|Any CPU.Build.0 = Debug|Any CPU
		{193F2A2B-045F-4E11-BA7F-A59298299B9B}.Release|Any CPU.ActiveCfg = Debug|Any CPU
		{193F2A2B-045F-4E11-BA7F-A59298299B9B}.Release|Any CPU.Build.0 = Debug|Any CPU
	EndGlobalSection
	GlobalSection(SolutionProperties) = preSolution
		HideSolutionNode = FALSE
	EndGlobalSection
	GlobalSection(ExtensibilityGlobals) = postSolution
		SolutionGuid = {FAF888CE-B30F-42FE-A533-A20E12442A42}
	EndGlobalSection
EndGlobal
